{
    "_readme": [
        "This file locks the dependencies of your project to a known state",
        "Read more about it at https://getcomposer.org/doc/01-basic-usage.md#installing-dependencies",
        "This file is @generated automatically"
    ],
    "content-hash": "a67c6838927da8eaf31fa44101abf825",
    "packages": [
        {
            "name": "cjdennis/message",
            "version": "dev-master",
            "source": {
                "type": "git",
                "url": "https://github.com/CJDennis/message.git",
                "reference": "731ec7885cefc150544cd4663397a3cdc5a98025"
            },
            "dist": {
                "type": "zip",
                "url": "https://api.github.com/repos/CJDennis/message/zipball/731ec7885cefc150544cd4663397a3cdc5a98025",
                "reference": "731ec7885cefc150544cd4663397a3cdc5a98025",
                "shasum": ""
            },
            "require-dev": {
                "codeception/codeception": "^3.1",
                "infection/infection": "^0.14.2"
            },
            "type": "library",
            "autoload": {
                "psr-4": {
                    "CJDennis\\Message\\": "src/CJDennis/Message/"
                }
            },
            "notification-url": "https://packagist.org/downloads/",
            "license": [
                "MIT"
            ],
            "description": "Mandatory error code exceptions",
            "time": "2019-11-22T14:42:00+00:00"
        },
        {
            "name": "cjdennis/random",
            "version": "dev-master",
            "source": {
                "type": "git",
                "url": "https://github.com/CJDennis/random.git",
                "reference": "73f7200f36555f2446a685424a4df23e4edcdf5c"
            },
            "dist": {
                "type": "zip",
                "url": "https://api.github.com/repos/CJDennis/random/zipball/73f7200f36555f2446a685424a4df23e4edcdf5c",
                "reference": "73f7200f36555f2446a685424a4df23e4edcdf5c",
                "shasum": ""
            },
            "require": {
                "ext-openssl": "*"
            },
            "require-dev": {
                "codeception/codeception": "^3.1",
                "infection/infection": "^0.14.2"
            },
            "type": "library",
            "autoload": {
                "psr-4": {
                    "CJDennis\\Random\\": "src/CJDennis/Random/"
                }
            },
            "notification-url": "https://packagist.org/downloads/",
            "license": [
                "MIT"
            ],
            "description": "Formatted random number generator",
            "time": "2019-11-22T14:10:13+00:00"
        }
    ],
    "packages-dev": [],
    "aliases": [],
    "minimum-stability": "stable",
    "stability-flags": {
        "cjdennis/message": 20,
        "cjdennis/random": 20
    },
    "prefer-stable": true,
    "prefer-lowest": false,
    "platform": [],
    "platform-dev": []
}
