{
    "_readme": [
        "This file locks the dependencies of your project to a known state",
        "Read more about it at https://getcomposer.org/doc/01-basic-usage.md#installing-dependencies",
        "This file is @generated automatically"
    ],
    "content-hash": "47e521c4b37a5529aa036db9471365b3",
    "packages": [
        {
            "name": "cjdennis/message",
            "version": "dev-master",
            "source": {
                "type": "git",
                "url": "https://github.com/CJDennis/message.git",
                "reference": "832c9226094f87ce020205d4520d6db48cb7d743"
            },
            "dist": {
                "type": "zip",
                "url": "https://api.github.com/repos/CJDennis/message/zipball/832c9226094f87ce020205d4520d6db48cb7d743",
                "reference": "832c9226094f87ce020205d4520d6db48cb7d743",
                "shasum": ""
            },
            "type": "library",
            "autoload": {
                "psr-4": {
                    "CjDennis\\Message\\": "src/CjDennis/Message/"
                }
            },
            "notification-url": "https://packagist.org/downloads/",
            "license": [
                "MIT"
            ],
            "description": "Mandatory error code exceptions",
            "time": "2019-09-23T21:41:15+00:00"
        },
        {
            "name": "cjdennis/random",
            "version": "dev-master",
            "source": {
                "type": "git",
                "url": "https://github.com/CJDennis/random.git",
                "reference": "9645a880acb93cb13c3551754962750decf30541"
            },
            "dist": {
                "type": "zip",
                "url": "https://api.github.com/repos/CJDennis/random/zipball/9645a880acb93cb13c3551754962750decf30541",
                "reference": "9645a880acb93cb13c3551754962750decf30541",
                "shasum": ""
            },
            "require": {
                "ext-openssl": "*"
            },
            "type": "library",
            "autoload": {
                "psr-4": {
                    "CjDennis\\Random\\": "src/CjDennis/Random/"
                }
            },
            "notification-url": "https://packagist.org/downloads/",
            "license": [
                "MIT"
            ],
            "description": "Formatted random number generator",
            "time": "2019-09-27T13:18:10+00:00"
        }
    ],
    "packages-dev": [],
    "aliases": [],
    "minimum-stability": "dev",
    "stability-flags": {
        "cjdennis/random": 20,
        "cjdennis/message": 20
    },
    "prefer-stable": false,
    "prefer-lowest": false,
    "platform": [],
    "platform-dev": []
}
